# This file is automatically @generated by Cargo.
# It is not intended for manual editing.
version = 4

[[package]]
name = "acd52832"
version = "0.2.3-dev"
dependencies = [
 "capsules-core",
 "capsules-extra",
 "capsules-system",
 "components",
 "cortexm4",
 "kernel",
 "nrf52832",
 "nrf52_components",
 "segger",
 "tock_build_scripts",
]

[[package]]
name = "aligned"
version = "0.2.0"
source = "registry+https://github.com/rust-lang/crates.io-index"
checksum = "d39da9b88ae1a81c03c9c082b8db83f1d0e93914126041962af61034ab44c4a5"

[[package]]
name = "aligned"
version = "0.3.5"
source = "registry+https://github.com/rust-lang/crates.io-index"
checksum = "3a785a543aea40f5e4e2e93bb2655d31bc21bb391fff65697150973e383f16bb"
dependencies = [
 "as-slice",
]

[[package]]
name = "apollo3"
version = "0.2.3-dev"
dependencies = [
 "cortexm4f",
 "enum_primitive",
 "kernel",
]

[[package]]
name = "arty_e21"
version = "0.2.3-dev"
dependencies = [
 "arty_e21_chip",
 "capsules-core",
 "capsules-extra",
 "capsules-system",
 "components",
 "kernel",
 "rv32i",
 "sifive",
 "tock_build_scripts",
]

[[package]]
name = "arty_e21_chip"
version = "0.2.3-dev"
dependencies = [
 "kernel",
 "rv32i",
 "sifive",
]

[[package]]
name = "as-slice"
version = "0.1.5"
source = "registry+https://github.com/rust-lang/crates.io-index"
checksum = "45403b49e3954a4b8428a0ac21a4b7afadccf92bfd96273f1a58cd4812496ae0"
dependencies = [
 "generic-array 0.12.4",
 "generic-array 0.13.3",
 "generic-array 0.14.7",
 "stable_deref_trait",
]

[[package]]
name = "bare-metal"
version = "0.2.5"
source = "registry+https://github.com/rust-lang/crates.io-index"
checksum = "5deb64efa5bd81e31fcd1938615a6d98c82eafcbcd787162b6f63b91d6bac5b3"
dependencies = [
 "rustc_version",
]

[[package]]
name = "bit_field"
version = "0.9.0"
source = "registry+https://github.com/rust-lang/crates.io-index"
checksum = "ed8765909f9009617974ab6b7d332625b320b33c326b1e9321382ef1999b5d56"

[[package]]
name = "bitfield"
version = "0.13.2"
source = "registry+https://github.com/rust-lang/crates.io-index"
checksum = "46afbd2983a5d5a7bd740ccb198caf5b82f45c40c09c0eed36052d91cb92e719"

[[package]]
name = "capsules-aes-gcm"
version = "0.2.3-dev"
dependencies = [
 "enum_primitive",
 "ghash",
 "kernel",
 "tickv",
]

[[package]]
name = "capsules-core"
version = "0.2.3-dev"
dependencies = [
 "enum_primitive",
 "kernel",
 "tickv",
]

[[package]]
name = "capsules-extra"
version = "0.2.3-dev"
dependencies = [
 "capsules-core",
 "enum_primitive",
 "kernel",
 "tickv",
]

[[package]]
name = "capsules-system"
version = "0.2.3-dev"
dependencies = [
 "kernel",
 "tock-tbf",
]

[[package]]
name = "cfg-if"
version = "1.0.0"
source = "registry+https://github.com/rust-lang/crates.io-index"
checksum = "baf1de4339761588bc0619e3cbc0120ee582ebb74b53b4efbf79117bd2da40fd"

[[package]]
name = "clue_nrf52840"
version = "0.2.3-dev"
dependencies = [
 "capsules-core",
 "capsules-extra",
 "capsules-system",
 "components",
 "cortexm4",
 "kernel",
 "nrf52",
 "nrf52840",
 "nrf52_components",
 "tock_build_scripts",
]

[[package]]
name = "components"
version = "0.2.3-dev"
dependencies = [
 "capsules-core",
 "capsules-extra",
 "capsules-system",
 "kernel",
 "segger",
 "tock-tbf",
]

[[package]]
name = "cortex-m"
version = "0.5.11"
source = "registry+https://github.com/rust-lang/crates.io-index"
checksum = "59971a5cf4dacacaf738dd9d8660875118fce790f800f661893eb20894c1d622"
dependencies = [
 "aligned 0.2.0",
 "bare-metal",
 "cortex-m 0.6.7",
 "volatile-register",
]

[[package]]
name = "cortex-m"
version = "0.6.7"
source = "registry+https://github.com/rust-lang/crates.io-index"
checksum = "9075300b07c6a56263b9b582c214d0ff037b00d45ec9fde1cc711490c56f1bb9"
dependencies = [
 "aligned 0.3.5",
 "bare-metal",
 "bitfield",
 "cortex-m 0.7.7",
 "volatile-register",
]

[[package]]
name = "cortex-m"
version = "0.7.7"
source = "registry+https://github.com/rust-lang/crates.io-index"
checksum = "8ec610d8f49840a5b376c69663b6369e71f4b34484b9b2eb29fb918d92516cb9"
dependencies = [
 "bare-metal",
 "bitfield",
 "embedded-hal",
 "volatile-register",
]

[[package]]
name = "cortex-m-rt"
version = "0.6.15"
source = "registry+https://github.com/rust-lang/crates.io-index"
checksum = "454f278bf469e2de0a4d22ea019d169d8944f86957c8207a39e3f66c32be2fc6"
dependencies = [
 "cortex-m-rt-macros",
 "r0",
]

[[package]]
name = "cortex-m-rt-macros"
version = "0.6.15"
source = "registry+https://github.com/rust-lang/crates.io-index"
checksum = "c8e3aa52243e26f5922fa522b0814019e0c98fc567e2756d715dce7ad7a81f49"
dependencies = [
 "proc-macro2",
 "quote",
 "syn",
]

[[package]]
name = "cortexm"
version = "0.2.3-dev"
dependencies = [
 "kernel",
]

[[package]]
name = "cortexm0"
version = "0.2.3-dev"
dependencies = [
 "cortexm",
 "kernel",
]

[[package]]
name = "cortexm0p"
version = "0.2.3-dev"
dependencies = [
 "cortexm",
 "cortexm0",
 "kernel",
]

[[package]]
name = "cortexm3"
version = "0.2.3-dev"
dependencies = [
 "cortexm",
 "cortexv7m",
 "kernel",
]

[[package]]
name = "cortexm4"
version = "0.2.3-dev"
dependencies = [
 "cortexm",
 "cortexv7m",
 "kernel",
]

[[package]]
name = "cortexm4f"
version = "0.2.3-dev"
dependencies = [
 "cortexm",
 "cortexv7m",
 "kernel",
]

[[package]]
name = "cortexm7"
version = "0.2.3-dev"
dependencies = [
 "cortexm",
 "cortexv7m",
 "kernel",
]

[[package]]
name = "cortexv7m"
version = "0.2.3-dev"
dependencies = [
 "kernel",
]

[[package]]
name = "cpufeatures"
version = "0.2.17"
source = "registry+https://github.com/rust-lang/crates.io-index"
checksum = "59ed5838eebb26a2bb2e58f6d5b5316989ae9d08bab10e0e6d103e656d1b0280"
dependencies = [
 "libc",
]

[[package]]
name = "critical-section"
version = "1.2.0"
source = "registry+https://github.com/rust-lang/crates.io-index"
checksum = "790eea4361631c5e7d22598ecd5723ff611904e3344ce8720784c93e3d83d40b"

[[package]]
name = "e310_g002"
version = "0.2.3-dev"
dependencies = [
 "e310x",
 "kernel",
 "rv32i",
 "sifive",
]

[[package]]
name = "e310_g003"
version = "0.2.3-dev"
dependencies = [
 "e310x",
 "kernel",
 "rv32i",
 "sifive",
]

[[package]]
name = "e310x"
version = "0.2.3-dev"
dependencies = [
 "kernel",
 "rv32i",
 "sifive",
]

[[package]]
name = "earlgrey"
version = "0.2.3-dev"
dependencies = [
 "kernel",
 "lowrisc",
 "rv32i",
]

[[package]]
name = "earlgrey-cw310"
version = "0.2.3-dev"
dependencies = [
 "capsules-aes-gcm",
 "capsules-core",
 "capsules-extra",
 "capsules-system",
 "components",
 "earlgrey",
 "kernel",
 "lowrisc",
 "rv32i",
 "tock-tbf",
 "tock_build_scripts",
]

[[package]]
name = "embedded-hal"
version = "0.2.7"
source = "registry+https://github.com/rust-lang/crates.io-index"
checksum = "35949884794ad573cf46071e41c9b60efb0cb311e3ca01f7af807af1debc66ff"
dependencies = [
 "nb 0.1.3",
 "void",
]

[[package]]
name = "embedded_types"
version = "0.3.2"
source = "registry+https://github.com/rust-lang/crates.io-index"
checksum = "ea8dc5db8dae723ecf68d863ff0011500e29fbbede193fa8fb3ca032595d3f6a"

[[package]]
name = "enum_primitive"
version = "0.1.0"

[[package]]
name = "esp32"
version = "0.2.3-dev"
dependencies = [
 "kernel",
]

[[package]]
name = "esp32-c3"
version = "0.2.3-dev"
dependencies = [
 "esp32",
 "kernel",
 "rv32i",
]

[[package]]
name = "esp32-c3-board"
version = "0.2.3-dev"
dependencies = [
 "capsules-core",
 "capsules-extra",
 "capsules-system",
 "components",
 "esp32",
 "esp32-c3",
 "kernel",
 "rv32i",
 "tock_build_scripts",
]

[[package]]
name = "generic-array"
version = "0.12.4"
source = "registry+https://github.com/rust-lang/crates.io-index"
checksum = "ffdf9f34f1447443d37393cc6c2b8313aebddcd96906caf34e54c68d8e57d7bd"
dependencies = [
 "typenum",
]

[[package]]
name = "generic-array"
version = "0.13.3"
source = "registry+https://github.com/rust-lang/crates.io-index"
checksum = "f797e67af32588215eaaab8327027ee8e71b9dd0b2b26996aedf20c030fce309"
dependencies = [
 "typenum",
]

[[package]]
name = "generic-array"
version = "0.14.7"
source = "registry+https://github.com/rust-lang/crates.io-index"
checksum = "85649ca51fd72272d7821adaf274ad91c288277713d9c18820d8499a7ff69e9a"
dependencies = [
 "typenum",
 "version_check",
]

[[package]]
name = "ghash"
version = "0.4.4"
source = "registry+https://github.com/rust-lang/crates.io-index"
checksum = "1583cc1656d7839fd3732b80cf4f38850336cdb9b8ded1cd399ca62958de3c99"
dependencies = [
 "opaque-debug",
 "polyval",
]

[[package]]
name = "hail"
version = "0.2.3-dev"
dependencies = [
 "capsules-core",
 "capsules-extra",
 "capsules-system",
 "components",
 "cortexm4",
 "kernel",
 "sam4l",
 "tock_build_scripts",
]

[[package]]
name = "hifive1"
version = "0.2.3-dev"
dependencies = [
 "capsules-core",
 "capsules-extra",
 "capsules-system",
 "components",
 "e310_g002",
 "kernel",
 "rv32i",
 "sifive",
 "tock_build_scripts",
]

[[package]]
name = "hifive_inventor"
version = "0.2.3-dev"
dependencies = [
 "capsules-core",
 "capsules-extra",
 "capsules-system",
 "components",
 "e310_g003",
 "kernel",
 "rv32i",
 "sifive",
 "tock_build_scripts",
]

[[package]]
name = "imix"
version = "0.2.3-dev"
dependencies = [
 "capsules-core",
 "capsules-extra",
 "capsules-system",
 "components",
 "cortexm4",
 "kernel",
 "sam4l",
 "tock_build_scripts",
]

[[package]]
name = "imxrt1050-evkb"
version = "0.2.3-dev"
dependencies = [
 "capsules-core",
 "capsules-extra",
 "capsules-system",
 "components",
 "cortexm7",
 "imxrt10xx",
 "kernel",
 "tock_build_scripts",
]

[[package]]
name = "imxrt10xx"
version = "0.2.3-dev"
dependencies = [
 "cortexm7",
 "enum_primitive",
 "kernel",
]

[[package]]
name = "kernel"
version = "0.2.3-dev"
dependencies = [
 "tock-cells",
 "tock-registers",
 "tock-tbf",
]

[[package]]
name = "libc"
version = "0.2.169"
source = "registry+https://github.com/rust-lang/crates.io-index"
checksum = "b5aba8db14291edd000dfcc4d620c7ebfb122c613afb886ca8803fa4e128a20a"

[[package]]
name = "litex"
version = "0.2.3-dev"
dependencies = [
 "kernel",
 "tock-registers",
]

[[package]]
name = "litex_arty"
version = "0.2.3-dev"
dependencies = [
 "capsules-core",
 "capsules-extra",
 "capsules-system",
 "components",
 "kernel",
 "litex_vexriscv",
 "rv32i",
 "tock_build_scripts",
]

[[package]]
name = "litex_sim"
version = "0.2.3-dev"
dependencies = [
 "capsules-core",
 "capsules-extra",
 "capsules-system",
 "components",
 "kernel",
 "litex_vexriscv",
 "rv32i",
 "tock_build_scripts",
]

[[package]]
name = "litex_vexriscv"
version = "0.2.3-dev"
dependencies = [
 "kernel",
 "litex",
 "rv32i",
]

[[package]]
name = "lora_things_plus"
version = "0.2.3-dev"
dependencies = [
 "apollo3",
 "capsules-core",
 "capsules-extra",
 "capsules-system",
 "components",
 "cortexm4",
 "kernel",
 "tock-tbf",
 "tock_build_scripts",
]

[[package]]
name = "lowrisc"
version = "0.2.3-dev"
dependencies = [
 "kernel",
 "rv32i",
]

[[package]]
name = "makepython-nrf52840"
version = "0.2.3-dev"
dependencies = [
 "capsules-core",
 "capsules-extra",
 "capsules-system",
 "components",
 "cortexm4",
 "kernel",
 "nrf52",
 "nrf52840",
 "nrf52_components",
 "tock_build_scripts",
]

[[package]]
name = "microbit_v2"
version = "0.2.3-dev"
dependencies = [
 "capsules-core",
 "capsules-extra",
 "capsules-system",
 "components",
 "cortexm4",
 "kernel",
 "nrf52",
 "nrf52833",
 "nrf52_components",
 "tock_build_scripts",
]

[[package]]
name = "msp-exp432p401r"
version = "0.2.3-dev"
dependencies = [
 "capsules-core",
 "capsules-extra",
 "capsules-system",
 "components",
 "cortexm4",
 "kernel",
 "msp432",
 "tock_build_scripts",
]

[[package]]
name = "msp432"
version = "0.2.3-dev"
dependencies = [
 "cortexm4",
 "enum_primitive",
 "kernel",
]

[[package]]
name = "nano33ble"
version = "0.2.3-dev"
dependencies = [
 "capsules-core",
 "capsules-extra",
 "capsules-system",
 "components",
 "cortexm4",
 "kernel",
 "nrf52",
 "nrf52840",
 "nrf52_components",
 "tock_build_scripts",
]

[[package]]
name = "nano33ble_rev2"
version = "0.2.3-dev"
dependencies = [
 "capsules-core",
 "capsules-extra",
 "capsules-system",
 "components",
 "cortexm4",
 "kernel",
 "nrf52",
 "nrf52840",
 "nrf52_components",
 "tock_build_scripts",
]

[[package]]
name = "nano_rp2040_connect"
version = "0.2.3-dev"
dependencies = [
 "capsules-core",
 "capsules-extra",
 "capsules-system",
 "components",
 "cortexm0p",
 "enum_primitive",
 "kernel",
 "rp2040",
 "tock_build_scripts",
]

[[package]]
name = "nb"
version = "0.1.3"
source = "registry+https://github.com/rust-lang/crates.io-index"
checksum = "801d31da0513b6ec5214e9bf433a77966320625a37860f910be265be6e18d06f"
dependencies = [
 "nb 1.1.0",
]

[[package]]
name = "nb"
version = "1.1.0"
source = "registry+https://github.com/rust-lang/crates.io-index"
checksum = "8d5439c4ad607c3c23abf66de8c8bf57ba8adcd1f129e699851a6e43935d339d"

[[package]]
name = "nrf52"
version = "0.2.3-dev"
dependencies = [
 "cortexm4f",
 "enum_primitive",
 "kernel",
 "nrf5x",
]

[[package]]
name = "nrf52832"
version = "0.2.3-dev"
dependencies = [
 "cortexm4f",
 "kernel",
 "nrf52",
]

[[package]]
name = "nrf52833"
version = "0.2.3-dev"
dependencies = [
 "cortexm4f",
 "kernel",
 "nrf52",
]

[[package]]
name = "nrf52840"
version = "0.2.3-dev"
dependencies = [
 "cortexm4f",
 "kernel",
 "nrf52",
]

[[package]]
name = "nrf52840_dongle"
version = "0.2.3-dev"
dependencies = [
 "capsules-core",
 "capsules-extra",
 "capsules-system",
 "components",
 "cortexm4",
 "kernel",
 "nrf52840",
 "nrf52_components",
 "segger",
 "tock_build_scripts",
]

[[package]]
name = "nrf52840dk"
version = "0.2.3-dev"
dependencies = [
 "capsules-core",
 "capsules-extra",
 "capsules-system",
 "components",
 "cortexm4",
 "kernel",
 "nrf52840",
 "nrf52_components",
 "segger",
 "tock_build_scripts",
]

[[package]]
name = "nrf52840dk-hotp-tutorial"
version = "0.2.3-dev"
dependencies = [
 "capsules-core",
 "capsules-extra",
 "capsules-system",
 "components",
 "kernel",
 "nrf52840",
 "nrf52840dk",
 "tock_build_scripts",
]

[[package]]
name = "nrf52840dk-test-appid-sha256"
version = "0.2.3-dev"
dependencies = [
 "capsules-core",
 "capsules-extra",
 "capsules-system",
 "components",
 "cortexm4",
 "kernel",
 "nrf52840",
 "nrf52_components",
 "segger",
 "tock_build_scripts",
]

[[package]]
name = "nrf52840dk-test-appid-tbf"
version = "0.2.3-dev"
dependencies = [
 "capsules-core",
 "capsules-extra",
 "capsules-system",
 "components",
 "cortexm4",
 "kernel",
 "nrf52840",
 "nrf52_components",
 "segger",
 "tock_build_scripts",
]

[[package]]
name = "nrf52840dk-test-kernel"
version = "0.2.3-dev"
dependencies = [
 "capsules-core",
 "capsules-extra",
 "capsules-system",
 "components",
 "cortexm4",
 "kernel",
 "nrf52840",
 "nrf52_components",
 "segger",
 "tock_build_scripts",
]

[[package]]
name = "nrf52840dk-thread-tutorial"
version = "0.2.3-dev"
dependencies = [
 "capsules-core",
 "capsules-extra",
 "capsules-system",
 "components",
 "kernel",
 "nrf52840",
 "nrf52840dk",
 "tock_build_scripts",
]

[[package]]
name = "nrf52_components"
version = "0.2.3-dev"
dependencies = [
 "capsules-core",
 "capsules-extra",
 "capsules-system",
 "components",
 "cortexm4",
 "kernel",
 "nrf52",
 "segger",
]

[[package]]
name = "nrf52dk"
version = "0.2.3-dev"
dependencies = [
 "capsules-core",
 "capsules-extra",
 "capsules-system",
 "components",
 "cortexm4",
 "kernel",
 "nrf52832",
 "nrf52_components",
 "segger",
 "tock_build_scripts",
]

[[package]]
name = "nrf5x"
version = "0.2.3-dev"
dependencies = [
 "enum_primitive",
 "kernel",
]

[[package]]
name = "nucleo_f429zi"
version = "0.2.3-dev"
dependencies = [
 "capsules-core",
 "capsules-extra",
 "capsules-system",
 "components",
 "cortexm4",
 "kernel",
 "stm32f429zi",
 "tock_build_scripts",
]

[[package]]
name = "nucleo_f446re"
version = "0.2.3-dev"
dependencies = [
 "capsules-core",
 "capsules-extra",
 "capsules-system",
 "components",
 "cortexm4",
 "kernel",
 "stm32f446re",
 "tock_build_scripts",
]

[[package]]
name = "opaque-debug"
version = "0.3.1"
source = "registry+https://github.com/rust-lang/crates.io-index"
checksum = "c08d65885ee38876c4f86fa503fb49d7b507c2b62552df7c70b2fce627e06381"

[[package]]
name = "particle_boron"
version = "0.2.3-dev"
dependencies = [
 "capsules-core",
 "capsules-extra",
 "capsules-system",
 "components",
 "cortexm4",
 "kernel",
 "nrf52",
 "nrf52840",
 "nrf52_components",
 "segger",
 "tock_build_scripts",
]

[[package]]
name = "pico_explorer_base"
version = "0.2.3-dev"
dependencies = [
 "capsules-core",
 "capsules-extra",
 "capsules-system",
 "components",
 "cortexm0p",
 "enum_primitive",
 "kernel",
 "rp2040",
 "tock_build_scripts",
]

[[package]]
name = "polyval"
version = "0.5.3"
source = "registry+https://github.com/rust-lang/crates.io-index"
checksum = "8419d2b623c7c0896ff2d5d96e2cb4ede590fed28fcc34934f4c33c036e620a1"
dependencies = [
 "cfg-if",
 "cpufeatures",
 "opaque-debug",
 "universal-hash",
]

[[package]]
name = "portable-atomic"
version = "1.10.0"
source = "registry+https://github.com/rust-lang/crates.io-index"
checksum = "280dc24453071f1b63954171985a0b0d30058d287960968b9b2aca264c8d4ee6"

[[package]]
name = "proc-macro2"
version = "1.0.93"
source = "registry+https://github.com/rust-lang/crates.io-index"
checksum = "60946a68e5f9d28b0dc1c21bb8a97ee7d018a8b322fa57838ba31cc878e22d99"
dependencies = [
 "unicode-ident",
]

[[package]]
name = "qemu_rv32_virt"
version = "0.2.3-dev"
dependencies = [
 "capsules-core",
 "capsules-extra",
 "capsules-system",
 "components",
 "kernel",
 "qemu_rv32_virt_chip",
 "rv32i",
 "sifive",
 "tock_build_scripts",
]

[[package]]
name = "qemu_rv32_virt_chip"
version = "0.2.3-dev"
dependencies = [
 "kernel",
 "rv32i",
 "sifive",
 "virtio",
]

[[package]]
name = "quote"
version = "1.0.38"
source = "registry+https://github.com/rust-lang/crates.io-index"
checksum = "0e4dccaaaf89514f546c693ddc140f729f958c247918a13380cccc6078391acc"
dependencies = [
 "proc-macro2",
]

[[package]]
name = "r0"
version = "0.2.2"
source = "registry+https://github.com/rust-lang/crates.io-index"
checksum = "e2a38df5b15c8d5c7e8654189744d8e396bddc18ad48041a500ce52d6948941f"

[[package]]
name = "raspberry_pi_pico"
version = "0.2.3-dev"
dependencies = [
 "capsules-core",
 "capsules-extra",
 "capsules-system",
 "components",
 "cortexm0p",
 "enum_primitive",
 "kernel",
 "rp2040",
 "tock_build_scripts",
]

[[package]]
name = "redboard_artemis_atp"
version = "0.2.3-dev"
dependencies = [
 "apollo3",
 "capsules-core",
 "capsules-extra",
 "capsules-system",
 "components",
 "cortexm4",
 "kernel",
 "tock_build_scripts",
]

[[package]]
name = "redboard_artemis_nano"
version = "0.2.3-dev"
dependencies = [
 "apollo3",
 "capsules-core",
 "capsules-extra",
 "capsules-system",
 "components",
 "cortexm4",
 "kernel",
 "tock_build_scripts",
]

[[package]]
name = "redboard_redv"
version = "0.2.3-dev"
dependencies = [
 "capsules-core",
 "capsules-extra",
 "capsules-system",
 "components",
 "e310_g002",
 "kernel",
 "rv32i",
 "sifive",
 "tock_build_scripts",
]

[[package]]
name = "riscv"
version = "0.2.3-dev"
dependencies = [
 "kernel",
 "riscv-csr",
 "tock-registers",
]

[[package]]
name = "riscv-csr"
version = "0.1.0"
dependencies = [
 "tock-registers",
]

[[package]]
name = "rp2040"
version = "0.2.3-dev"
dependencies = [
 "cortexm0p",
 "enum_primitive",
 "kernel",
]

[[package]]
name = "rtt-target"
version = "0.6.1"
source = "registry+https://github.com/rust-lang/crates.io-index"
checksum = "4235cd78091930e907d2a510adb0db1369e82668eafa338f109742fa0c83059d"
dependencies = [
 "critical-section",
 "portable-atomic",
 "ufmt-write",
]

[[package]]
name = "rustc_version"
version = "0.2.3"
source = "registry+https://github.com/rust-lang/crates.io-index"
checksum = "138e3e0acb6c9fb258b19b67cb8abd63c00679d2851805ea151465464fe9030a"
dependencies = [
 "semver",
]

[[package]]
name = "rv32i"
version = "0.2.3-dev"
dependencies = [
 "kernel",
 "riscv",
 "riscv-csr",
 "tock-registers",
]

[[package]]
name = "s32k144"
version = "0.2.3-dev"
dependencies = [
 "cortexm",
 "cortexm4f",
 "enum_primitive",
 "kernel",
 "vcell",
]

[[package]]
name = "s32k144evb"
version = "0.2.3-dev"
dependencies = [
 "bit_field",
 "capsules-core",
 "capsules-extra",
 "capsules-system",
 "components",
 "cortex-m 0.5.11",
 "cortex-m-rt",
 "cortexm4",
 "cortexm4f",
 "critical-section",
 "embedded_types",
 "kernel",
 "rtt-target",
 "s32k144",
 "tock_build_scripts",
]

[[package]]
name = "sam4l"
version = "0.2.3-dev"
dependencies = [
 "cortexm4",
 "kernel",
]

[[package]]
name = "segger"
version = "0.2.3-dev"
dependencies = [
 "kernel",
]

[[package]]
name = "semver"
version = "0.9.0"
source = "registry+https://github.com/rust-lang/crates.io-index"
checksum = "1d7eb9ef2c18661902cc47e535f9bc51b78acd254da71d375c2f6720d9a40403"
dependencies = [
 "semver-parser",
]

[[package]]
name = "semver-parser"
version = "0.7.0"
source = "registry+https://github.com/rust-lang/crates.io-index"
checksum = "388a1df253eca08550bef6c72392cfe7c30914bf41df5269b68cbd6ff8f570a3"

[[package]]
name = "sifive"
version = "0.2.3-dev"
dependencies = [
 "kernel",
 "rv32i",
]

[[package]]
name = "sma_q3"
version = "0.2.3-dev"
dependencies = [
 "capsules-core",
 "capsules-extra",
 "capsules-system",
 "components",
 "cortexm4",
 "enum_primitive",
 "kernel",
 "nrf52840",
 "nrf52_components",
 "segger",
 "tock_build_scripts",
]

[[package]]
name = "stable_deref_trait"
version = "1.2.0"
source = "registry+https://github.com/rust-lang/crates.io-index"
checksum = "a8f112729512f8e442d81f95a8a7ddf2b7c6b8a1a6f509a95864142b30cab2d3"

[[package]]
name = "stm32f303xc"
version = "0.2.3-dev"
dependencies = [
 "cortexm4f",
 "enum_primitive",
 "kernel",
]

[[package]]
name = "stm32f3discovery"
version = "0.2.3-dev"
dependencies = [
 "capsules-core",
 "capsules-extra",
 "capsules-system",
 "components",
 "cortexm4",
 "kernel",
 "stm32f303xc",
 "tock_build_scripts",
]

[[package]]
name = "stm32f401cc"
version = "0.2.3-dev"
dependencies = [
 "cortexm4f",
 "enum_primitive",
 "kernel",
 "stm32f4xx",
]

[[package]]
name = "stm32f412g"
version = "0.2.3-dev"
dependencies = [
 "cortexm4f",
 "enum_primitive",
 "kernel",
 "stm32f4xx",
]

[[package]]
name = "stm32f412gdiscovery"
version = "0.2.3-dev"
dependencies = [
 "capsules-core",
 "capsules-extra",
 "capsules-system",
 "components",
 "cortexm4",
 "kernel",
 "stm32f412g",
 "tock_build_scripts",
]

[[package]]
name = "stm32f429idiscovery"
version = "0.2.3-dev"
dependencies = [
 "capsules-core",
 "capsules-extra",
 "capsules-system",
 "components",
 "cortexm4",
 "kernel",
 "stm32f429zi",
 "tock_build_scripts",
]

[[package]]
name = "stm32f429zi"
version = "0.2.3-dev"
dependencies = [
 "cortexm4f",
 "enum_primitive",
 "kernel",
 "stm32f4xx",
]

[[package]]
name = "stm32f446re"
version = "0.2.3-dev"
dependencies = [
 "cortexm4f",
 "enum_primitive",
 "kernel",
 "stm32f4xx",
]

[[package]]
name = "stm32f4xx"
version = "0.2.3-dev"
dependencies = [
 "cortexm4f",
 "enum_primitive",
 "kernel",
]

[[package]]
name = "subtle"
version = "2.4.1"
source = "registry+https://github.com/rust-lang/crates.io-index"
checksum = "6bdef32e8150c2a081110b42772ffe7d7c9032b606bc226c8260fd97e0976601"

[[package]]
name = "syn"
version = "1.0.109"
source = "registry+https://github.com/rust-lang/crates.io-index"
checksum = "72b64191b275b66ffe2469e8af2c1cfe3bafa67b529ead792a6d0160888b4237"
dependencies = [
 "proc-macro2",
 "quote",
 "unicode-ident",
]

[[package]]
name = "teensy40"
version = "0.2.3-dev"
dependencies = [
 "capsules-core",
 "capsules-extra",
 "capsules-system",
 "components",
 "cortexm7",
 "imxrt10xx",
 "kernel",
 "tock_build_scripts",
]

[[package]]
name = "tickv"
version = "2.0.0"

[[package]]
name = "tock-cells"
version = "0.1.0"

[[package]]
name = "tock-registers"
version = "0.9.0"

[[package]]
name = "tock-tbf"
version = "0.1.0"

[[package]]
name = "tock_build_scripts"
version = "0.2.3-dev"

[[package]]
name = "typenum"
version = "1.17.0"
source = "registry+https://github.com/rust-lang/crates.io-index"
checksum = "42ff0bf0c66b8238c6f3b578df37d0b7848e55df8577b3f74f92a69acceeb825"

[[package]]
name = "ufmt-write"
version = "0.1.0"
source = "registry+https://github.com/rust-lang/crates.io-index"
checksum = "e87a2ed6b42ec5e28cc3b94c09982969e9227600b2e3dcbc1db927a84c06bd69"

[[package]]
name = "unicode-ident"
version = "1.0.16"
source = "registry+https://github.com/rust-lang/crates.io-index"
checksum = "a210d160f08b701c8721ba1c726c11662f877ea6b7094007e1ca9a1041945034"

[[package]]
name = "universal-hash"
version = "0.4.1"
source = "registry+https://github.com/rust-lang/crates.io-index"
checksum = "9f214e8f697e925001e66ec2c6e37a4ef93f0f78c2eed7814394e10c62025b05"
dependencies = [
 "generic-array 0.14.7",
 "subtle",
]

[[package]]
name = "vcell"
version = "0.1.3"
source = "registry+https://github.com/rust-lang/crates.io-index"
checksum = "77439c1b53d2303b20d9459b1ade71a83c716e3f9c34f3228c00e6f185d6c002"

[[package]]
name = "veer_el2"
version = "0.2.3-dev"
dependencies = [
 "kernel",
 "riscv-csr",
 "rv32i",
 "sifive",
]

[[package]]
name = "veer_el2_sim"
version = "0.2.3-dev"
dependencies = [
 "capsules-core",
 "capsules-extra",
 "capsules-system",
 "components",
 "kernel",
 "rv32i",
 "tock_build_scripts",
 "veer_el2",
]

[[package]]
name = "version_check"
version = "0.9.5"
source = "registry+https://github.com/rust-lang/crates.io-index"
checksum = "0b928f33d975fc6ad9f86c8f283853ad26bdd5b10b7f1542aa2fa15e2289105a"

[[package]]
name = "virtio"
version = "0.2.3-dev"
dependencies = [
 "kernel",
]

[[package]]
name = "void"
version = "1.0.2"
source = "registry+https://github.com/rust-lang/crates.io-index"
checksum = "6a02e4885ed3bc0f2de90ea6dd45ebcbb66dacffe03547fadbb0eeae2770887d"

[[package]]
name = "volatile-register"
version = "0.2.2"
source = "registry+https://github.com/rust-lang/crates.io-index"
checksum = "de437e2a6208b014ab52972a27e59b33fa2920d3e00fe05026167a1c509d19cc"
dependencies = [
 "vcell",
]

[[package]]
name = "weact-f401ccu6"
version = "0.2.3-dev"
dependencies = [
 "capsules-core",
 "capsules-extra",
 "capsules-system",
 "components",
 "cortexm4",
 "kernel",
 "stm32f401cc",
 "tock_build_scripts",
]

[[package]]
name = "wm1110dev"
version = "0.2.3-dev"
dependencies = [
 "capsules-core",
 "capsules-extra",
 "capsules-system",
 "components",
 "cortexm4",
 "kernel",
 "nrf52",
 "nrf52840",
 "nrf52_components",
 "tock_build_scripts",
]
